
Microsoft Visual Studio Solution File, Format Version 12.00
# Visual Studio Version 16
VisualStudioVersion = 16.0.29209.62
MinimumVisualStudioVersion = 10.0.40219.1
Project("{FAE04EC0-301F-11D3-BF4B-00C04F79EFBC}") = "GenericRepositoryAndUoW.DAL", "GenericRepositoryAndUoW.DAL\GenericRepositoryAndUoW.DAL.csproj", "{62D79663-F2E7-4AE3-9380-E714B1F2C663}"
EndProject
Project("{FAE04EC0-301F-11D3-BF4B-00C04F79EFBC}") = "GenericRepositoryAndUoW.Domains", "GenericRepositoryAndUoW.Domains\GenericRepositoryAndUoW.Domains.csproj", "{6B2D343D-DB71-451B-A07C-A661D1F9E8E0}"
EndProject
Project("{FAE04EC0-301F-11D3-BF4B-00C04F79EFBC}") = "GenericRepositoryAndUow.WebAPI", "GenericRepositoryAndUow.WebAPI\GenericRepositoryAndUow.WebAPI.csproj", "{3B3FBE46-248A-4347-A4A8-DB6F404FC68A}"
EndProject
Global
	GlobalSection(SolutionConfigurationPlatforms) = preSolution
		Debug|Any CPU = Debug|Any CPU
		Release|Any CPU = Release|Any CPU
	EndGlobalSection
	GlobalSection(ProjectConfigurationPlatforms) = postSolution
		{62D79663-F2E7-4AE3-9380-E714B1F2C663}.Debug|Any CPU.ActiveCfg = Debug|Any CPU
		{62D79663-F2E7-4AE3-9380-E714B1F2C663}.Debug|Any CPU.Build.0 = Debug|Any CPU
		{62D79663-F2E7-4AE3-9380-E714B1F2C663}.Release|Any CPU.ActiveCfg = Release|Any CPU
		{62D79663-F2E7-4AE3-9380-E714B1F2C663}.Release|Any CPU.Build.0 = Release|Any CPU
		{6B2D343D-DB71-451B-A07C-A661D1F9E8E0}.Debug|Any CPU.ActiveCfg = Debug|Any CPU
		{6B2D343D-DB71-451B-A07C-A661D1F9E8E0}.Debug|Any CPU.Build.0 = Debug|Any CPU
		{6B2D343D-DB71-451B-A07C-A661D1F9E8E0}.Release|Any CPU.ActiveCfg = Release|Any CPU
		{6B2D343D-DB71-451B-A07C-A661D1F9E8E0}.Release|Any CPU.Build.0 = Release|Any CPU
		{3B3FBE46-248A-4347-A4A8-DB6F404FC68A}.Debug|Any CPU.ActiveCfg = Debug|Any CPU
		{3B3FBE46-248A-4347-A4A8-DB6F404FC68A}.Debug|Any CPU.Build.0 = Debug|Any CPU
		{3B3FBE46-248A-4347-A4A8-DB6F404FC68A}.Release|Any CPU.ActiveCfg = Release|Any CPU
		{3B3FBE46-248A-4347-A4A8-DB6F404FC68A}.Release|Any CPU.Build.0 = Release|Any CPU
	EndGlobalSection
	GlobalSection(SolutionProperties) = preSolution
		HideSolutionNode = FALSE
	EndGlobalSection
	GlobalSection(ExtensibilityGlobals) = postSolution
		SolutionGuid = {C3BAFD4E-1DDD-463C-BD15-252ECE1A3AEF}
	EndGlobalSection
EndGlobal
